// !$*UTF8*$!
{
	archiveVersion = 1;
	classes = {
	};
	objectVersion = 56;
	objects = {

/* Begin PBXBuildFile section */
		04238F692DA8AFDF002889E4 /* AppDelegate.swift in Sources */ = {isa = PBXBuildFile; fileRef = 04238F682DA8AFDF002889E4 /* AppDelegate.swift */; };
		04238F6D2DA8AFDF002889E4 /* ViewController.swift in Sources */ = {isa = PBXBuildFile; fileRef = 04238F6C2DA8AFDF002889E4 /* ViewController.swift */; };
		04238F722DA8AFE1002889E4 /* Assets.xcassets in Resources */ = {isa = PBXBuildFile; fileRef = 04238F712DA8AFE1002889E4 /* Assets.xcassets */; };
		04238F912DA8BDD3002889E4 /* common.framework in Frameworks */ = {isa = PBXBuildFile; fileRef = 04238F852DA8BD2C002889E4 /* common.framework */; };
		04238F922DA8BDD3002889E4 /* common.framework in Embed Frameworks */ = {isa = PBXBuildFile; fileRef = 04238F852DA8BD2C002889E4 /* common.framework */; settings = {ATTRIBUTES = (CodeSignOnCopy, RemoveHeadersOnCopy, ); }; };
		04238F932DA8BDD4002889E4 /* net.framework in Frameworks */ = {isa = PBXBuildFile; fileRef = 04238F862DA8BD2C002889E4 /* net.framework */; };
		04238F942DA8BDD4002889E4 /* net.framework in Embed Frameworks */ = {isa = PBXBuildFile; fileRef = 04238F862DA8BD2C002889E4 /* net.framework */; settings = {ATTRIBUTES = (CodeSignOnCopy, RemoveHeadersOnCopy, ); }; };
		04238F952DA8BDD5002889E4 /* rtc.framework in Frameworks */ = {isa = PBXBuildFile; fileRef = 04238F872DA8BD2C002889E4 /* rtc.framework */; };
		04238F962DA8BDD6002889E4 /* rtc.framework in Embed Frameworks */ = {isa = PBXBuildFile; fileRef = 04238F872DA8BD2C002889E4 /* rtc.framework */; settings = {ATTRIBUTES = (CodeSignOnCopy, RemoveHeadersOnCopy, ); }; };
		04238F972DA8BDD7002889E4 /* WebRTC.framework in Frameworks */ = {isa = PBXBuildFile; fileRef = 04238F842DA8BD2B002889E4 /* WebRTC.framework */; };
		04238F982DA8BDD7002889E4 /* WebRTC.framework in Embed Frameworks */ = {isa = PBXBuildFile; fileRef = 04238F842DA8BD2B002889E4 /* WebRTC.framework */; settings = {ATTRIBUTES = (CodeSignOnCopy, RemoveHeadersOnCopy, ); }; };
		042422C52DA90B3A00AD7E43 /* permission.framework in Frameworks */ = {isa = PBXBuildFile; fileRef = 042422C32DA90B2E00AD7E43 /* permission.framework */; };
		042422C62DA90B3A00AD7E43 /* permission.framework in Embed Frameworks */ = {isa = PBXBuildFile; fileRef = 042422C32DA90B2E00AD7E43 /* permission.framework */; settings = {ATTRIBUTES = (CodeSignOnCopy, RemoveHeadersOnCopy, ); }; };
		042422C92DA90D1C00AD7E43 /* UIColorExtension.swift in Sources */ = {isa = PBXBuildFile; fileRef = 042422C82DA90D1C00AD7E43 /* UIColorExtension.swift */; };
		042422CC2DA90E8000AD7E43 /* MyShowLogger.swift in Sources */ = {isa = PBXBuildFile; fileRef = 042422CB2DA90E8000AD7E43 /* MyShowLogger.swift */; };
		042422CE2DA90F9700AD7E43 /* ConferenceChildViewController.swift in Sources */ = {isa = PBXBuildFile; fileRef = 042422CD2DA90F9700AD7E43 /* ConferenceChildViewController.swift */; };
		042422D32DA9101C00AD7E43 /* ParticipantView.swift in Sources */ = {isa = PBXBuildFile; fileRef = 042422D22DA9101C00AD7E43 /* ParticipantView.swift */; };
		042422D52DA910DA00AD7E43 /* DrawingBoardView.swift in Sources */ = {isa = PBXBuildFile; fileRef = 042422D42DA910DA00AD7E43 /* DrawingBoardView.swift */; };
		042422D72DA9110000AD7E43 /* WhiteBoardFuncBar.swift in Sources */ = {isa = PBXBuildFile; fileRef = 042422D62DA9110000AD7E43 /* WhiteBoardFuncBar.swift */; };
		042422D92DA9113D00AD7E43 /* WhiteBoardFuncView.swift in Sources */ = {isa = PBXBuildFile; fileRef = 042422D82DA9113D00AD7E43 /* WhiteBoardFuncView.swift */; };
		042422DB2DA9125D00AD7E43 /* PaintColorView.swift in Sources */ = {isa = PBXBuildFile; fileRef = 042422DA2DA9125D00AD7E43 /* PaintColorView.swift */; };
		042422DD2DA9126500AD7E43 /* PaintWidthView.swift in Sources */ = {isa = PBXBuildFile; fileRef = 042422DC2DA9126500AD7E43 /* PaintWidthView.swift */; };
		042422DF2DA9132700AD7E43 /* MyHttpHepler.swift in Sources */ = {isa = PBXBuildFile; fileRef = 042422DE2DA9132700AD7E43 /* MyHttpHepler.swift */; };
		042422E32DA9153100AD7E43 /* VerticalListDialog.swift in Sources */ = {isa = PBXBuildFile; fileRef = 042422E22DA9153100AD7E43 /* VerticalListDialog.swift */; };
		042422E52DA9159800AD7E43 /* DividerLine.swift in Sources */ = {isa = PBXBuildFile; fileRef = 042422E42DA9159800AD7E43 /* DividerLine.swift */; };
		042422EE2DA9177700AD7E43 /* ImgViewController.swift in Sources */ = {isa = PBXBuildFile; fileRef = 042422ED2DA9177700AD7E43 /* ImgViewController.swift */; };
		042422F22DACE9B100AD7E43 /* ConferenceDemoViewController.swift in Sources */ = {isa = PBXBuildFile; fileRef = 042422F12DACE9B100AD7E43 /* ConferenceDemoViewController.swift */; };
		042422F42DAD130E00AD7E43 /* ConferenceDemoDefaultViewController.swift in Sources */ = {isa = PBXBuildFile; fileRef = 042422F32DAD130E00AD7E43 /* ConferenceDemoDefaultViewController.swift */; };
		042422F62DADEBC500AD7E43 /* ConferenceDemoPresentImgViewController.swift in Sources */ = {isa = PBXBuildFile; fileRef = 042422F52DADEBC500AD7E43 /* ConferenceDemoPresentImgViewController.swift */; };
		042422F82DADFBAD00AD7E43 /* ConferenceDemoPresentPDFViewController.swift in Sources */ = {isa = PBXBuildFile; fileRef = 042422F72DADFBAD00AD7E43 /* ConferenceDemoPresentPDFViewController.swift */; };
		042423062DAE39D000AD7E43 /* ReplayKit.framework in Frameworks */ = {isa = PBXBuildFile; fileRef = 042423052DAE39D000AD7E43 /* ReplayKit.framework */; };
		042423092DAE39D000AD7E43 /* SampleHandler.swift in Sources */ = {isa = PBXBuildFile; fileRef = 042423082DAE39D000AD7E43 /* SampleHandler.swift */; };
		0424230D2DAE39D000AD7E43 /* Presentation.appex in Embed Foundation Extensions */ = {isa = PBXBuildFile; fileRef = 042423042DAE39D000AD7E43 /* Presentation.appex */; settings = {ATTRIBUTES = (RemoveHeadersOnCopy, ); }; };
		042423122DAE3A5B00AD7E43 /* rtc.framework in Frameworks */ = {isa = PBXBuildFile; fileRef = 04238F872DA8BD2C002889E4 /* rtc.framework */; };
		042423132DAE3A5B00AD7E43 /* rtc.framework in Embed Frameworks */ = {isa = PBXBuildFile; fileRef = 04238F872DA8BD2C002889E4 /* rtc.framework */; settings = {ATTRIBUTES = (CodeSignOnCopy, RemoveHeadersOnCopy, ); }; };
		042423182DAE3BA500AD7E43 /* ConferenceDemoPresentScreenViewController.swift in Sources */ = {isa = PBXBuildFile; fileRef = 042423172DAE3BA500AD7E43 /* ConferenceDemoPresentScreenViewController.swift */; };
		0424231D2DAF479300AD7E43 /* StatisticsDialog.swift in Sources */ = {isa = PBXBuildFile; fileRef = 0424231C2DAF479300AD7E43 /* StatisticsDialog.swift */; };
		042423202DAF47AA00AD7E43 /* ExcelView.swift in Sources */ = {isa = PBXBuildFile; fileRef = 0424231F2DAF47AA00AD7E43 /* ExcelView.swift */; };
		D7830BEA3571A9CA96398E86 /* Pods_Presentation.framework in Frameworks */ = {isa = PBXBuildFile; fileRef = FECA406255837551AB2FAC11 /* Pods_Presentation.framework */; };
		F3CD3CB1F92FBBB0CFD871E7 /* Pods_iOSSDKDemo.framework in Frameworks */ = {isa = PBXBuildFile; fileRef = 4396006A63198DBF7AA814AF /* Pods_iOSSDKDemo.framework */; };
/* End PBXBuildFile section */

/* Begin PBXContainerItemProxy section */
		0424230B2DAE39D000AD7E43 /* PBXContainerItemProxy */ = {
			isa = PBXContainerItemProxy;
			containerPortal = 04238F5D2DA8AFDF002889E4 /* Project object */;
			proxyType = 1;
			remoteGlobalIDString = 042423032DAE39D000AD7E43;
			remoteInfo = Presentation;
		};
/* End PBXContainerItemProxy section */

/* Begin PBXCopyFilesBuildPhase section */
		04238F812DA8B528002889E4 /* Embed Frameworks */ = {
			isa = PBXCopyFilesBuildPhase;
			buildActionMask = 2147483647;
			dstPath = "";
			dstSubfolderSpec = 10;
			files = (
				04238F942DA8BDD4002889E4 /* net.framework in Embed Frameworks */,
				042422C62DA90B3A00AD7E43 /* permission.framework in Embed Frameworks */,
				04238F922DA8BDD3002889E4 /* common.framework in Embed Frameworks */,
				04238F962DA8BDD6002889E4 /* rtc.framework in Embed Frameworks */,
				04238F982DA8BDD7002889E4 /* WebRTC.framework in Embed Frameworks */,
			);
			name = "Embed Frameworks";
			runOnlyForDeploymentPostprocessing = 0;
		};
		042423112DAE39D000AD7E43 /* Embed Foundation Extensions */ = {
			isa = PBXCopyFilesBuildPhase;
			buildActionMask = 2147483647;
			dstPath = "";
			dstSubfolderSpec = 13;
			files = (
				0424230D2DAE39D000AD7E43 /* Presentation.appex in Embed Foundation Extensions */,
			);
			name = "Embed Foundation Extensions";
			runOnlyForDeploymentPostprocessing = 0;
		};
		042423142DAE3A5B00AD7E43 /* Embed Frameworks */ = {
			isa = PBXCopyFilesBuildPhase;
			buildActionMask = 2147483647;
			dstPath = "";
			dstSubfolderSpec = 10;
			files = (
				042423132DAE3A5B00AD7E43 /* rtc.framework in Embed Frameworks */,
			);
			name = "Embed Frameworks";
			runOnlyForDeploymentPostprocessing = 0;
		};
/* End PBXCopyFilesBuildPhase section */

/* Begin PBXFileReference section */
		04238F652DA8AFDF002889E4 /* iOSSDKDemo.app */ = {isa = PBXFileReference; explicitFileType = wrapper.application; includeInIndex = 0; path = iOSSDKDemo.app; sourceTree = BUILT_PRODUCTS_DIR; };
		04238F682DA8AFDF002889E4 /* AppDelegate.swift */ = {isa = PBXFileReference; lastKnownFileType = sourcecode.swift; path = AppDelegate.swift; sourceTree = "<group>"; };
		04238F6C2DA8AFDF002889E4 /* ViewController.swift */ = {isa = PBXFileReference; lastKnownFileType = sourcecode.swift; path = ViewController.swift; sourceTree = "<group>"; };
		04238F712DA8AFE1002889E4 /* Assets.xcassets */ = {isa = PBXFileReference; lastKnownFileType = folder.assetcatalog; path = Assets.xcassets; sourceTree = "<group>"; };
		04238F762DA8AFE1002889E4 /* Info.plist */ = {isa = PBXFileReference; lastKnownFileType = text.plist.xml; path = Info.plist; sourceTree = "<group>"; };
		04238F842DA8BD2B002889E4 /* WebRTC.framework */ = {isa = PBXFileReference; lastKnownFileType = wrapper.framework; path = WebRTC.framework; sourceTree = "<group>"; };
		04238F852DA8BD2C002889E4 /* common.framework */ = {isa = PBXFileReference; lastKnownFileType = wrapper.framework; path = common.framework; sourceTree = "<group>"; };
		04238F862DA8BD2C002889E4 /* net.framework */ = {isa = PBXFileReference; lastKnownFileType = wrapper.framework; path = net.framework; sourceTree = "<group>"; };
		04238F872DA8BD2C002889E4 /* rtc.framework */ = {isa = PBXFileReference; lastKnownFileType = wrapper.framework; path = rtc.framework; sourceTree = "<group>"; };
		042422C32DA90B2E00AD7E43 /* permission.framework */ = {isa = PBXFileReference; lastKnownFileType = wrapper.framework; path = permission.framework; sourceTree = "<group>"; };
		042422C82DA90D1C00AD7E43 /* UIColorExtension.swift */ = {isa = PBXFileReference; lastKnownFileType = sourcecode.swift; path = UIColorExtension.swift; sourceTree = "<group>"; };
		042422CB2DA90E8000AD7E43 /* MyShowLogger.swift */ = {isa = PBXFileReference; lastKnownFileType = sourcecode.swift; path = MyShowLogger.swift; sourceTree = "<group>"; };
		042422CD2DA90F9700AD7E43 /* ConferenceChildViewController.swift */ = {isa = PBXFileReference; fileEncoding = 4; lastKnownFileType = sourcecode.swift; path = ConferenceChildViewController.swift; sourceTree = "<group>"; };
		042422D22DA9101C00AD7E43 /* ParticipantView.swift */ = {isa = PBXFileReference; fileEncoding = 4; lastKnownFileType = sourcecode.swift; path = ParticipantView.swift; sourceTree = "<group>"; };
		042422D42DA910DA00AD7E43 /* DrawingBoardView.swift */ = {isa = PBXFileReference; fileEncoding = 4; lastKnownFileType = sourcecode.swift; path = DrawingBoardView.swift; sourceTree = "<group>"; };
		042422D62DA9110000AD7E43 /* WhiteBoardFuncBar.swift */ = {isa = PBXFileReference; fileEncoding = 4; lastKnownFileType = sourcecode.swift; path = WhiteBoardFuncBar.swift; sourceTree = "<group>"; };
		042422D82DA9113D00AD7E43 /* WhiteBoardFuncView.swift */ = {isa = PBXFileReference; fileEncoding = 4; lastKnownFileType = sourcecode.swift; path = WhiteBoardFuncView.swift; sourceTree = "<group>"; };
		042422DA2DA9125D00AD7E43 /* PaintColorView.swift */ = {isa = PBXFileReference; fileEncoding = 4; lastKnownFileType = sourcecode.swift; path = PaintColorView.swift; sourceTree = "<group>"; };
		042422DC2DA9126500AD7E43 /* PaintWidthView.swift */ = {isa = PBXFileReference; fileEncoding = 4; lastKnownFileType = sourcecode.swift; path = PaintWidthView.swift; sourceTree = "<group>"; };
		042422DE2DA9132700AD7E43 /* MyHttpHepler.swift */ = {isa = PBXFileReference; fileEncoding = 4; lastKnownFileType = sourcecode.swift; path = MyHttpHepler.swift; sourceTree = "<group>"; };
		042422E22DA9153100AD7E43 /* VerticalListDialog.swift */ = {isa = PBXFileReference; fileEncoding = 4; lastKnownFileType = sourcecode.swift; path = VerticalListDialog.swift; sourceTree = "<group>"; };
		042422E42DA9159800AD7E43 /* DividerLine.swift */ = {isa = PBXFileReference; fileEncoding = 4; lastKnownFileType = sourcecode.swift; path = DividerLine.swift; sourceTree = "<group>"; };
		042422ED2DA9177700AD7E43 /* ImgViewController.swift */ = {isa = PBXFileReference; fileEncoding = 4; lastKnownFileType = sourcecode.swift; path = ImgViewController.swift; sourceTree = "<group>"; };
		042422F12DACE9B100AD7E43 /* ConferenceDemoViewController.swift */ = {isa = PBXFileReference; lastKnownFileType = sourcecode.swift; path = ConferenceDemoViewController.swift; sourceTree = "<group>"; };
		042422F32DAD130E00AD7E43 /* ConferenceDemoDefaultViewController.swift */ = {isa = PBXFileReference; lastKnownFileType = sourcecode.swift; path = ConferenceDemoDefaultViewController.swift; sourceTree = "<group>"; };
		042422F52DADEBC500AD7E43 /* ConferenceDemoPresentImgViewController.swift */ = {isa = PBXFileReference; lastKnownFileType = sourcecode.swift; path = ConferenceDemoPresentImgViewController.swift; sourceTree = "<group>"; };
		042422F72DADFBAD00AD7E43 /* ConferenceDemoPresentPDFViewController.swift */ = {isa = PBXFileReference; lastKnownFileType = sourcecode.swift; path = ConferenceDemoPresentPDFViewController.swift; sourceTree = "<group>"; };
		042423042DAE39D000AD7E43 /* Presentation.appex */ = {isa = PBXFileReference; explicitFileType = "wrapper.app-extension"; includeInIndex = 0; path = Presentation.appex; sourceTree = BUILT_PRODUCTS_DIR; };
		042423052DAE39D000AD7E43 /* ReplayKit.framework */ = {isa = PBXFileReference; lastKnownFileType = wrapper.framework; name = ReplayKit.framework; path = System/Library/Frameworks/ReplayKit.framework; sourceTree = SDKROOT; };
		042423082DAE39D000AD7E43 /* SampleHandler.swift */ = {isa = PBXFileReference; lastKnownFileType = sourcecode.swift; path = SampleHandler.swift; sourceTree = "<group>"; };
		0424230A2DAE39D000AD7E43 /* Info.plist */ = {isa = PBXFileReference; lastKnownFileType = text.plist.xml; path = Info.plist; sourceTree = "<group>"; };
		042423152DAE3ADC00AD7E43 /* iOSSDKDemo.entitlements */ = {isa = PBXFileReference; lastKnownFileType = text.plist.entitlements; path = iOSSDKDemo.entitlements; sourceTree = "<group>"; };
		042423162DAE3B0F00AD7E43 /* Presentation.entitlements */ = {isa = PBXFileReference; lastKnownFileType = text.plist.entitlements; path = Presentation.entitlements; sourceTree = "<group>"; };
		042423172DAE3BA500AD7E43 /* ConferenceDemoPresentScreenViewController.swift */ = {isa = PBXFileReference; fileEncoding = 4; lastKnownFileType = sourcecode.swift; path = ConferenceDemoPresentScreenViewController.swift; sourceTree = "<group>"; };
		0424231C2DAF479300AD7E43 /* StatisticsDialog.swift */ = {isa = PBXFileReference; fileEncoding = 4; lastKnownFileType = sourcecode.swift; path = StatisticsDialog.swift; sourceTree = "<group>"; };
		0424231F2DAF47AA00AD7E43 /* ExcelView.swift */ = {isa = PBXFileReference; fileEncoding = 4; lastKnownFileType = sourcecode.swift; path = ExcelView.swift; sourceTree = "<group>"; };
		42AFDF51B8D885627952EFE0 /* Pods-iOSSDKDemo.release.xcconfig */ = {isa = PBXFileReference; includeInIndex = 1; lastKnownFileType = text.xcconfig; name = "Pods-iOSSDKDemo.release.xcconfig"; path = "Target Support Files/Pods-iOSSDKDemo/Pods-iOSSDKDemo.release.xcconfig"; sourceTree = "<group>"; };
		4396006A63198DBF7AA814AF /* Pods_iOSSDKDemo.framework */ = {isa = PBXFileReference; explicitFileType = wrapper.framework; includeInIndex = 0; path = Pods_iOSSDKDemo.framework; sourceTree = BUILT_PRODUCTS_DIR; };
		4647AF873B8000A2DF20E2CA /* Pods-Presentation.release.xcconfig */ = {isa = PBXFileReference; includeInIndex = 1; lastKnownFileType = text.xcconfig; name = "Pods-Presentation.release.xcconfig"; path = "Target Support Files/Pods-Presentation/Pods-Presentation.release.xcconfig"; sourceTree = "<group>"; };
		91D7D764BC20A943C555B06F /* Pods-iOSSDKDemo.debug.xcconfig */ = {isa = PBXFileReference; includeInIndex = 1; lastKnownFileType = text.xcconfig; name = "Pods-iOSSDKDemo.debug.xcconfig"; path = "Target Support Files/Pods-iOSSDKDemo/Pods-iOSSDKDemo.debug.xcconfig"; sourceTree = "<group>"; };
		DD6592EF4105559C86E726DE /* Pods-Presentation.debug.xcconfig */ = {isa = PBXFileReference; includeInIndex = 1; lastKnownFileType = text.xcconfig; name = "Pods-Presentation.debug.xcconfig"; path = "Target Support Files/Pods-Presentation/Pods-Presentation.debug.xcconfig"; sourceTree = "<group>"; };
		FECA406255837551AB2FAC11 /* Pods_Presentation.framework */ = {isa = PBXFileReference; explicitFileType = wrapper.framework; includeInIndex = 0; path = Pods_Presentation.framework; sourceTree = BUILT_PRODUCTS_DIR; };
/* End PBXFileReference section */

/* Begin PBXFrameworksBuildPhase section */
		04238F622DA8AFDF002889E4 /* Frameworks */ = {
			isa = PBXFrameworksBuildPhase;
			buildActionMask = 2147483647;
			files = (
				04238F912DA8BDD3002889E4 /* common.framework in Frameworks */,
				042422C52DA90B3A00AD7E43 /* permission.framework in Frameworks */,
				04238F932DA8BDD4002889E4 /* net.framework in Frameworks */,
				04238F952DA8BDD5002889E4 /* rtc.framework in Frameworks */,
				04238F972DA8BDD7002889E4 /* WebRTC.framework in Frameworks */,
				F3CD3CB1F92FBBB0CFD871E7 /* Pods_iOSSDKDemo.framework in Frameworks */,
			);
			runOnlyForDeploymentPostprocessing = 0;
		};
		042423012DAE39D000AD7E43 /* Frameworks */ = {
			isa = PBXFrameworksBuildPhase;
			buildActionMask = 2147483647;
			files = (
				042423122DAE3A5B00AD7E43 /* rtc.framework in Frameworks */,
				042423062DAE39D000AD7E43 /* ReplayKit.framework in Frameworks */,
				D7830BEA3571A9CA96398E86 /* Pods_Presentation.framework in Frameworks */,
			);
			runOnlyForDeploymentPostprocessing = 0;
		};
/* End PBXFrameworksBuildPhase section */

/* Begin PBXGroup section */
		04238F5C2DA8AFDF002889E4 = {
			isa = PBXGroup;
			children = (
				04238F672DA8AFDF002889E4 /* iOSSDKDemo */,
				042423072DAE39D000AD7E43 /* Presentation */,
				04238F7C2DA8B4A6002889E4 /* Frameworks */,
				04238F662DA8AFDF002889E4 /* Products */,
				EAE26250B46D9A99AB74B437 /* Pods */,
			);
			sourceTree = "<group>";
		};
		04238F662DA8AFDF002889E4 /* Products */ = {
			isa = PBXGroup;
			children = (
				04238F652DA8AFDF002889E4 /* iOSSDKDemo.app */,
				042423042DAE39D000AD7E43 /* Presentation.appex */,
			);
			name = Products;
			sourceTree = "<group>";
		};
		04238F672DA8AFDF002889E4 /* iOSSDKDemo */ = {
			isa = PBXGroup;
			children = (
				042423152DAE3ADC00AD7E43 /* iOSSDKDemo.entitlements */,
				042422E82DA9173100AD7E43 /* common */,
				042422C72DA90D0500AD7E43 /* extension */,
				042422CA2DA90E7200AD7E43 /* util */,
				042422E02DA9151C00AD7E43 /* conference */,
				042422D12DA9100B00AD7E43 /* widget */,
				04238F682DA8AFDF002889E4 /* AppDelegate.swift */,
				04238F6C2DA8AFDF002889E4 /* ViewController.swift */,
				04238F712DA8AFE1002889E4 /* Assets.xcassets */,
				04238F762DA8AFE1002889E4 /* Info.plist */,
			);
			path = iOSSDKDemo;
			sourceTree = "<group>";
		};
		04238F7C2DA8B4A6002889E4 /* Frameworks */ = {
			isa = PBXGroup;
			children = (
				04238F852DA8BD2C002889E4 /* common.framework */,
				04238F862DA8BD2C002889E4 /* net.framework */,
				042422C32DA90B2E00AD7E43 /* permission.framework */,
				04238F872DA8BD2C002889E4 /* rtc.framework */,
				04238F842DA8BD2B002889E4 /* WebRTC.framework */,
				042423052DAE39D000AD7E43 /* ReplayKit.framework */,
				FECA406255837551AB2FAC11 /* Pods_Presentation.framework */,
				4396006A63198DBF7AA814AF /* Pods_iOSSDKDemo.framework */,
			);
			path = Frameworks;
			sourceTree = "<group>";
		};
		042422C72DA90D0500AD7E43 /* extension */ = {
			isa = PBXGroup;
			children = (
				042422C82DA90D1C00AD7E43 /* UIColorExtension.swift */,
			);
			path = extension;
			sourceTree = "<group>";
		};
		042422CA2DA90E7200AD7E43 /* util */ = {
			isa = PBXGroup;
			children = (
				042422DE2DA9132700AD7E43 /* MyHttpHepler.swift */,
				042422CB2DA90E8000AD7E43 /* MyShowLogger.swift */,
			);
			path = util;
			sourceTree = "<group>";
		};
		042422D12DA9100B00AD7E43 /* widget */ = {
			isa = PBXGroup;
			children = (
				042422E42DA9159800AD7E43 /* DividerLine.swift */,
				042422D42DA910DA00AD7E43 /* DrawingBoardView.swift */,
				042422DA2DA9125D00AD7E43 /* PaintColorView.swift */,
				042422DC2DA9126500AD7E43 /* PaintWidthView.swift */,
				042422D22DA9101C00AD7E43 /* ParticipantView.swift */,
				042422D62DA9110000AD7E43 /* WhiteBoardFuncBar.swift */,
				042422D82DA9113D00AD7E43 /* WhiteBoardFuncView.swift */,
			);
			path = widget;
			sourceTree = "<group>";
		};
		042422E02DA9151C00AD7E43 /* conference */ = {
			isa = PBXGroup;
			children = (
				042422E12DA9152300AD7E43 /* view */,
			);
			path = conference;
			sourceTree = "<group>";
		};
		042422E12DA9152300AD7E43 /* view */ = {
			isa = PBXGroup;
			children = (
				0424231B2DAF478C00AD7E43 /* dialog */,
				042422EB2DA9175F00AD7E43 /* vc */,
				0424231E2DAF479F00AD7E43 /* widget */,
			);
			path = view;
			sourceTree = "<group>";
		};
		042422E82DA9173100AD7E43 /* common */ = {
			isa = PBXGroup;
			children = (
				042422E92DA9174400AD7E43 /* view */,
			);
			path = common;
			sourceTree = "<group>";
		};
		042422E92DA9174400AD7E43 /* view */ = {
			isa = PBXGroup;
			children = (
				042422EC2DA9176D00AD7E43 /* vc */,
				042422EA2DA9174C00AD7E43 /* dialog */,
			);
			path = view;
			sourceTree = "<group>";
		};
		042422EA2DA9174C00AD7E43 /* dialog */ = {
			isa = PBXGroup;
			children = (
				042422E22DA9153100AD7E43 /* VerticalListDialog.swift */,
			);
			path = dialog;
			sourceTree = "<group>";
		};
		042422EB2DA9175F00AD7E43 /* vc */ = {
			isa = PBXGroup;
			children = (
				042422CD2DA90F9700AD7E43 /* ConferenceChildViewController.swift */,
				042422F32DAD130E00AD7E43 /* ConferenceDemoDefaultViewController.swift */,
				042422F52DADEBC500AD7E43 /* ConferenceDemoPresentImgViewController.swift */,
				042422F72DADFBAD00AD7E43 /* ConferenceDemoPresentPDFViewController.swift */,
				042423172DAE3BA500AD7E43 /* ConferenceDemoPresentScreenViewController.swift */,
				042422F12DACE9B100AD7E43 /* ConferenceDemoViewController.swift */,
			);
			path = vc;
			sourceTree = "<group>";
		};
		042422EC2DA9176D00AD7E43 /* vc */ = {
			isa = PBXGroup;
			children = (
				042422ED2DA9177700AD7E43 /* ImgViewController.swift */,
			);
			path = vc;
			sourceTree = "<group>";
		};
		042423072DAE39D000AD7E43 /* Presentation */ = {
			isa = PBXGroup;
			children = (
				042423162DAE3B0F00AD7E43 /* Presentation.entitlements */,
				042423082DAE39D000AD7E43 /* SampleHandler.swift */,
				0424230A2DAE39D000AD7E43 /* Info.plist */,
			);
			path = Presentation;
			sourceTree = "<group>";
		};
		0424231B2DAF478C00AD7E43 /* dialog */ = {
			isa = PBXGroup;
			children = (
				0424231C2DAF479300AD7E43 /* StatisticsDialog.swift */,
			);
			path = dialog;
			sourceTree = "<group>";
		};
		0424231E2DAF479F00AD7E43 /* widget */ = {
			isa = PBXGroup;
			children = (
				0424231F2DAF47AA00AD7E43 /* ExcelView.swift */,
			);
			path = widget;
			sourceTree = "<group>";
		};
		EAE26250B46D9A99AB74B437 /* Pods */ = {
			isa = PBXGroup;
			children = (
				DD6592EF4105559C86E726DE /* Pods-Presentation.debug.xcconfig */,
				4647AF873B8000A2DF20E2CA /* Pods-Presentation.release.xcconfig */,
				91D7D764BC20A943C555B06F /* Pods-iOSSDKDemo.debug.xcconfig */,
				42AFDF51B8D885627952EFE0 /* Pods-iOSSDKDemo.release.xcconfig */,
			);
			path = Pods;
			sourceTree = "<group>";
		};
/* End PBXGroup section */

/* Begin PBXNativeTarget section */
		04238F642DA8AFDF002889E4 /* iOSSDKDemo */ = {
			isa = PBXNativeTarget;
			buildConfigurationList = 04238F792DA8AFE1002889E4 /* Build configuration list for PBXNativeTarget "iOSSDKDemo" */;
			buildPhases = (
				3BE0B85C94A2D657A7F2C957 /* [CP] Check Pods Manifest.lock */,
				04238F612DA8AFDF002889E4 /* Sources */,
				04238F622DA8AFDF002889E4 /* Frameworks */,
				04238F632DA8AFDF002889E4 /* Resources */,
				04238F812DA8B528002889E4 /* Embed Frameworks */,
				042423112DAE39D000AD7E43 /* Embed Foundation Extensions */,
				1221712A6B30B6D062BEB36D /* [CP] Embed Pods Frameworks */,
			);
			buildRules = (
			);
			dependencies = (
				0424230C2DAE39D000AD7E43 /* PBXTargetDependency */,
			);
			name = iOSSDKDemo;
			productName = iOSSDKDemo;
			productReference = 04238F652DA8AFDF002889E4 /* iOSSDKDemo.app */;
			productType = "com.apple.product-type.application";
		};
		042423032DAE39D000AD7E43 /* Presentation */ = {
			isa = PBXNativeTarget;
			buildConfigurationList = 0424230E2DAE39D000AD7E43 /* Build configuration list for PBXNativeTarget "Presentation" */;
			buildPhases = (
				6E7C71BD6FD85D872D443AEE /* [CP] Check Pods Manifest.lock */,
				042423002DAE39D000AD7E43 /* Sources */,
				042423012DAE39D000AD7E43 /* Frameworks */,
				042423022DAE39D000AD7E43 /* Resources */,
				042423142DAE3A5B00AD7E43 /* Embed Frameworks */,
			);
			buildRules = (
			);
			dependencies = (
			);
			name = Presentation;
			productName = Presentation;
			productReference = 042423042DAE39D000AD7E43 /* Presentation.appex */;
			productType = "com.apple.product-type.app-extension";
		};
/* End PBXNativeTarget section */

/* Begin PBXProject section */
		04238F5D2DA8AFDF002889E4 /* Project object */ = {
			isa = PBXProject;
			attributes = {
				BuildIndependentTargetsInParallel = 1;
				LastSwiftUpdateCheck = 1530;
				LastUpgradeCheck = 1530;
				TargetAttributes = {
					04238F642DA8AFDF002889E4 = {
						CreatedOnToolsVersion = 15.3;
					};
					042423032DAE39D000AD7E43 = {
						CreatedOnToolsVersion = 15.3;
					};
				};
			};
			buildConfigurationList = 04238F602DA8AFDF002889E4 /* Build configuration list for PBXProject "iOSSDKDemo" */;
			compatibilityVersion = "Xcode 14.0";
			developmentRegion = en;
			hasScannedForEncodings = 0;
			knownRegions = (
				en,
				Base,
			);
			mainGroup = 04238F5C2DA8AFDF002889E4;
			productRefGroup = 04238F662DA8AFDF002889E4 /* Products */;
			projectDirPath = "";
			projectRoot = "";
			targets = (
				04238F642DA8AFDF002889E4 /* iOSSDKDemo */,
				042423032DAE39D000AD7E43 /* Presentation */,
			);
		};
/* End PBXProject section */

/* Begin PBXResourcesBuildPhase section */
		04238F632DA8AFDF002889E4 /* Resources */ = {
			isa = PBXResourcesBuildPhase;
			buildActionMask = 2147483647;
			files = (
				04238F722DA8AFE1002889E4 /* Assets.xcassets in Resources */,
			);
			runOnlyForDeploymentPostprocessing = 0;
		};
		042423022DAE39D000AD7E43 /* Resources */ = {
			isa = PBXResourcesBuildPhase;
			buildActionMask = 2147483647;
			files = (
			);
			runOnlyForDeploymentPostprocessing = 0;
		};
/* End PBXResourcesBuildPhase section */

/* Begin PBXShellScriptBuildPhase section */
		1221712A6B30B6D062BEB36D /* [CP] Embed Pods Frameworks */ = {
			isa = PBXShellScriptBuildPhase;
			buildActionMask = 2147483647;
			files = (
			);
			inputFileListPaths = (
				"${PODS_ROOT}/Target Support Files/Pods-iOSSDKDemo/Pods-iOSSDKDemo-frameworks-${CONFIGURATION}-input-files.xcfilelist",
			);
			name = "[CP] Embed Pods Frameworks";
			outputFileListPaths = (
				"${PODS_ROOT}/Target Support Files/Pods-iOSSDKDemo/Pods-iOSSDKDemo-frameworks-${CONFIGURATION}-output-files.xcfilelist",
			);
			runOnlyForDeploymentPostprocessing = 0;
			shellPath = /bin/sh;
			shellScript = "\"${PODS_ROOT}/Target Support Files/Pods-iOSSDKDemo/Pods-iOSSDKDemo-frameworks.sh\"\n";
			showEnvVarsInLog = 0;
		};
		3BE0B85C94A2D657A7F2C957 /* [CP] Check Pods Manifest.lock */ = {
			isa = PBXShellScriptBuildPhase;
			buildActionMask = 2147483647;
			files = (
			);
			inputFileListPaths = (
			);
			inputPaths = (
				"${PODS_PODFILE_DIR_PATH}/Podfile.lock",
				"${PODS_ROOT}/Manifest.lock",
			);
			name = "[CP] Check Pods Manifest.lock";
			outputFileListPaths = (
			);
			outputPaths = (
				"$(DERIVED_FILE_DIR)/Pods-iOSSDKDemo-checkManifestLockResult.txt",
			);
			runOnlyForDeploymentPostprocessing = 0;
			shellPath = /bin/sh;
			shellScript = "diff \"${PODS_PODFILE_DIR_PATH}/Podfile.lock\" \"${PODS_ROOT}/Manifest.lock\" > /dev/null\nif [ $? != 0 ] ; then\n    # print error to STDERR\n    echo \"error: The sandbox is not in sync with the Podfile.lock. Run 'pod install' or update your CocoaPods installation.\" >&2\n    exit 1\nfi\n# This output is used by Xcode 'outputs' to avoid re-running this script phase.\necho \"SUCCESS\" > \"${SCRIPT_OUTPUT_FILE_0}\"\n";
			showEnvVarsInLog = 0;
		};
		6E7C71BD6FD85D872D443AEE /* [CP] Check Pods Manifest.lock */ = {
			isa = PBXShellScriptBuildPhase;
			buildActionMask = 2147483647;
			files = (
			);
			inputFileListPaths = (
			);
			inputPaths = (
				"${PODS_PODFILE_DIR_PATH}/Podfile.lock",
				"${PODS_ROOT}/Manifest.lock",
			);
			name = "[CP] Check Pods Manifest.lock";
			outputFileListPaths = (
			);
			outputPaths = (
				"$(DERIVED_FILE_DIR)/Pods-Presentation-checkManifestLockResult.txt",
			);
			runOnlyForDeploymentPostprocessing = 0;
			shellPath = /bin/sh;
			shellScript = "diff \"${PODS_PODFILE_DIR_PATH}/Podfile.lock\" \"${PODS_ROOT}/Manifest.lock\" > /dev/null\nif [ $? != 0 ] ; then\n    # print error to STDERR\n    echo \"error: The sandbox is not in sync with the Podfile.lock. Run 'pod install' or update your CocoaPods installation.\" >&2\n    exit 1\nfi\n# This output is used by Xcode 'outputs' to avoid re-running this script phase.\necho \"SUCCESS\" > \"${SCRIPT_OUTPUT_FILE_0}\"\n";
			showEnvVarsInLog = 0;
		};
/* End PBXShellScriptBuildPhase section */

/* Begin PBXSourcesBuildPhase section */
		04238F612DA8AFDF002889E4 /* Sources */ = {
			isa = PBXSourcesBuildPhase;
			buildActionMask = 2147483647;
			files = (
				04238F6D2DA8AFDF002889E4 /* ViewController.swift in Sources */,
				042422F82DADFBAD00AD7E43 /* ConferenceDemoPresentPDFViewController.swift in Sources */,
				04238F692DA8AFDF002889E4 /* AppDelegate.swift in Sources */,
				042422D32DA9101C00AD7E43 /* ParticipantView.swift in Sources */,
				042422CE2DA90F9700AD7E43 /* ConferenceChildViewController.swift in Sources */,
				042422DB2DA9125D00AD7E43 /* PaintColorView.swift in Sources */,
				042423182DAE3BA500AD7E43 /* ConferenceDemoPresentScreenViewController.swift in Sources */,
				042422CC2DA90E8000AD7E43 /* MyShowLogger.swift in Sources */,
				042422F42DAD130E00AD7E43 /* ConferenceDemoDefaultViewController.swift in Sources */,
				042422E32DA9153100AD7E43 /* VerticalListDialog.swift in Sources */,
				042422D52DA910DA00AD7E43 /* DrawingBoardView.swift in Sources */,
				0424231D2DAF479300AD7E43 /* StatisticsDialog.swift in Sources */,
				042422DD2DA9126500AD7E43 /* PaintWidthView.swift in Sources */,
				042422EE2DA9177700AD7E43 /* ImgViewController.swift in Sources */,
				042422C92DA90D1C00AD7E43 /* UIColorExtension.swift in Sources */,
				042422E52DA9159800AD7E43 /* DividerLine.swift in Sources */,
				042422D72DA9110000AD7E43 /* WhiteBoardFuncBar.swift in Sources */,
				042422DF2DA9132700AD7E43 /* MyHttpHepler.swift in Sources */,
				042423202DAF47AA00AD7E43 /* ExcelView.swift in Sources */,
				042422F62DADEBC500AD7E43 /* ConferenceDemoPresentImgViewController.swift in Sources */,
				042422F22DACE9B100AD7E43 /* ConferenceDemoViewController.swift in Sources */,
				042422D92DA9113D00AD7E43 /* WhiteBoardFuncView.swift in Sources */,
			);
			runOnlyForDeploymentPostprocessing = 0;
		};
		042423002DAE39D000AD7E43 /* Sources */ = {
			isa = PBXSourcesBuildPhase;
			buildActionMask = 2147483647;
			files = (
				042423092DAE39D000AD7E43 /* SampleHandler.swift in Sources */,
			);
			runOnlyForDeploymentPostprocessing = 0;
		};
/* End PBXSourcesBuildPhase section */

/* Begin PBXTargetDependency section */
		0424230C2DAE39D000AD7E43 /* PBXTargetDependency */ = {
			isa = PBXTargetDependency;
			target = 042423032DAE39D000AD7E43 /* Presentation */;
			targetProxy = 0424230B2DAE39D000AD7E43 /* PBXContainerItemProxy */;
		};
/* End PBXTargetDependency section */

/* Begin XCBuildConfiguration section */
		04238F772DA8AFE1002889E4 /* Debug */ = {
			isa = XCBuildConfiguration;
			buildSettings = {
				ALWAYS_SEARCH_USER_PATHS = NO;
				ASSETCATALOG_COMPILER_GENERATE_SWIFT_ASSET_SYMBOL_EXTENSIONS = YES;
				CLANG_ANALYZER_NONNULL = YES;
				CLANG_ANALYZER_NUMBER_OBJECT_CONVERSION = YES_AGGRESSIVE;
				CLANG_CXX_LANGUAGE_STANDARD = "gnu++20";
				CLANG_ENABLE_MODULES = YES;
				CLANG_ENABLE_OBJC_ARC = YES;
				CLANG_ENABLE_OBJC_WEAK = YES;
				CLANG_WARN_BLOCK_CAPTURE_AUTORELEASING = YES;
				CLANG_WARN_BOOL_CONVERSION = YES;
				CLANG_WARN_COMMA = YES;
				CLANG_WARN_CONSTANT_CONVERSION = YES;
				CLANG_WARN_DEPRECATED_OBJC_IMPLEMENTATIONS = YES;
				CLANG_WARN_DIRECT_OBJC_ISA_USAGE = YES_ERROR;
				CLANG_WARN_DOCUMENTATION_COMMENTS = YES;
				CLANG_WARN_EMPTY_BODY = YES;
				CLANG_WARN_ENUM_CONVERSION = YES;
				CLANG_WARN_INFINITE_RECURSION = YES;
				CLANG_WARN_INT_CONVERSION = YES;
				CLANG_WARN_NON_LITERAL_NULL_CONVERSION = YES;
				CLANG_WARN_OBJC_IMPLICIT_RETAIN_SELF = YES;
				CLANG_WARN_OBJC_LITERAL_CONVERSION = YES;
				CLANG_WARN_OBJC_ROOT_CLASS = YES_ERROR;
				CLANG_WARN_QUOTED_INCLUDE_IN_FRAMEWORK_HEADER = YES;
				CLANG_WARN_RANGE_LOOP_ANALYSIS = YES;
				CLANG_WARN_STRICT_PROTOTYPES = YES;
				CLANG_WARN_SUSPICIOUS_MOVE = YES;
				CLANG_WARN_UNGUARDED_AVAILABILITY = YES_AGGRESSIVE;
				CLANG_WARN_UNREACHABLE_CODE = YES;
				CLANG_WARN__DUPLICATE_METHOD_MATCH = YES;
				COPY_PHASE_STRIP = NO;
				DEBUG_INFORMATION_FORMAT = dwarf;
				ENABLE_STRICT_OBJC_MSGSEND = YES;
				ENABLE_TESTABILITY = YES;
				ENABLE_USER_SCRIPT_SANDBOXING = YES;
				GCC_C_LANGUAGE_STANDARD = gnu17;
				GCC_DYNAMIC_NO_PIC = NO;
				GCC_NO_COMMON_BLOCKS = YES;
				GCC_OPTIMIZATION_LEVEL = 0;
				GCC_PREPROCESSOR_DEFINITIONS = (
					"DEBUG=1",
					"$(inherited)",
				);
				GCC_WARN_64_TO_32_BIT_CONVERSION = YES;
				GCC_WARN_ABOUT_RETURN_TYPE = YES_ERROR;
				GCC_WARN_UNDECLARED_SELECTOR = YES;
				GCC_WARN_UNINITIALIZED_AUTOS = YES_AGGRESSIVE;
				GCC_WARN_UNUSED_FUNCTION = YES;
				GCC_WARN_UNUSED_VARIABLE = YES;
				IPHONEOS_DEPLOYMENT_TARGET = 17.4;
				LOCALIZATION_PREFERS_STRING_CATALOGS = YES;
				MTL_ENABLE_DEBUG_INFO = INCLUDE_SOURCE;
				MTL_FAST_MATH = YES;
				ONLY_ACTIVE_ARCH = YES;
				SDKROOT = iphoneos;
				SWIFT_ACTIVE_COMPILATION_CONDITIONS = "DEBUG $(inherited)";
				SWIFT_OPTIMIZATION_LEVEL = "-Onone";
			};
			name = Debug;
		};
		04238F782DA8AFE1002889E4 /* Release */ = {
			isa = XCBuildConfiguration;
			buildSettings = {
				ALWAYS_SEARCH_USER_PATHS = NO;
				ASSETCATALOG_COMPILER_GENERATE_SWIFT_ASSET_SYMBOL_EXTENSIONS = YES;
				CLANG_ANALYZER_NONNULL = YES;
				CLANG_ANALYZER_NUMBER_OBJECT_CONVERSION = YES_AGGRESSIVE;
				CLANG_CXX_LANGUAGE_STANDARD = "gnu++20";
				CLANG_ENABLE_MODULES = YES;
				CLANG_ENABLE_OBJC_ARC = YES;
				CLANG_ENABLE_OBJC_WEAK = YES;
				CLANG_WARN_BLOCK_CAPTURE_AUTORELEASING = YES;
				CLANG_WARN_BOOL_CONVERSION = YES;
				CLANG_WARN_COMMA = YES;
				CLANG_WARN_CONSTANT_CONVERSION = YES;
				CLANG_WARN_DEPRECATED_OBJC_IMPLEMENTATIONS = YES;
				CLANG_WARN_DIRECT_OBJC_ISA_USAGE = YES_ERROR;
				CLANG_WARN_DOCUMENTATION_COMMENTS = YES;
				CLANG_WARN_EMPTY_BODY = YES;
				CLANG_WARN_ENUM_CONVERSION = YES;
				CLANG_WARN_INFINITE_RECURSION = YES;
				CLANG_WARN_INT_CONVERSION = YES;
				CLANG_WARN_NON_LITERAL_NULL_CONVERSION = YES;
				CLANG_WARN_OBJC_IMPLICIT_RETAIN_SELF = YES;
				CLANG_WARN_OBJC_LITERAL_CONVERSION = YES;
				CLANG_WARN_OBJC_ROOT_CLASS = YES_ERROR;
				CLANG_WARN_QUOTED_INCLUDE_IN_FRAMEWORK_HEADER = YES;
				CLANG_WARN_RANGE_LOOP_ANALYSIS = YES;
				CLANG_WARN_STRICT_PROTOTYPES = YES;
				CLANG_WARN_SUSPICIOUS_MOVE = YES;
				CLANG_WARN_UNGUARDED_AVAILABILITY = YES_AGGRESSIVE;
				CLANG_WARN_UNREACHABLE_CODE = YES;
				CLANG_WARN__DUPLICATE_METHOD_MATCH = YES;
				COPY_PHASE_STRIP = NO;
				DEBUG_INFORMATION_FORMAT = "dwarf-with-dsym";
				ENABLE_NS_ASSERTIONS = NO;
				ENABLE_STRICT_OBJC_MSGSEND = YES;
				ENABLE_USER_SCRIPT_SANDBOXING = YES;
				GCC_C_LANGUAGE_STANDARD = gnu17;
				GCC_NO_COMMON_BLOCKS = YES;
				GCC_WARN_64_TO_32_BIT_CONVERSION = YES;
				GCC_WARN_ABOUT_RETURN_TYPE = YES_ERROR;
				GCC_WARN_UNDECLARED_SELECTOR = YES;
				GCC_WARN_UNINITIALIZED_AUTOS = YES_AGGRESSIVE;
				GCC_WARN_UNUSED_FUNCTION = YES;
				GCC_WARN_UNUSED_VARIABLE = YES;
				IPHONEOS_DEPLOYMENT_TARGET = 17.4;
				LOCALIZATION_PREFERS_STRING_CATALOGS = YES;
				MTL_ENABLE_DEBUG_INFO = NO;
				MTL_FAST_MATH = YES;
				SDKROOT = iphoneos;
				SWIFT_COMPILATION_MODE = wholemodule;
				VALIDATE_PRODUCT = YES;
			};
			name = Release;
		};
		04238F7A2DA8AFE1002889E4 /* Debug */ = {
			isa = XCBuildConfiguration;
			baseConfigurationReference = 91D7D764BC20A943C555B06F /* Pods-iOSSDKDemo.debug.xcconfig */;
			buildSettings = {
				ALWAYS_EMBED_SWIFT_STANDARD_LIBRARIES = YES;
				ASSETCATALOG_COMPILER_APPICON_NAME = AppIcon;
				ASSETCATALOG_COMPILER_GLOBAL_ACCENT_COLOR_NAME = AccentColor;
				CODE_SIGN_ENTITLEMENTS = iOSSDKDemo/iOSSDKDemo.entitlements;
				CODE_SIGN_STYLE = Automatic;
				CURRENT_PROJECT_VERSION = 1;
				DEVELOPMENT_TEAM = Z8SE9YCY23;
				ENABLE_USER_SCRIPT_SANDBOXING = NO;
				FRAMEWORK_SEARCH_PATHS = (
					"$(inherited)",
					"$(PROJECT_DIR)/Frameworks",
					"$(PROJECT_DIR)/Frameworks/Zip",
					"$(PROJECT_DIR)/Frameworks/SnapKit",
					"$(PROJECT_DIR)/TZImagePickerController",
					"$(PROJECT_DIR)/Frameworks/TZImagePickerController",
				);
				GENERATE_INFOPLIST_FILE = YES;
				INFOPLIST_FILE = iOSSDKDemo/Info.plist;
				INFOPLIST_KEY_NSBluetoothPeripheralUsageDescription = "需要您的同意，才能使用蓝牙";
				INFOPLIST_KEY_NSCameraUsageDescription = "本应用在进行视频通话时需要您授权使用本机的摄像头功能。";
				INFOPLIST_KEY_NSLocationUsageDescription = "需要您的同意，才能使用位置";
				INFOPLIST_KEY_NSMicrophoneUsageDescription = "本应用在进行音视频通话时需要您授权使用本机的麦克风功能。";
				INFOPLIST_KEY_NSPhotoLibraryUsageDescription = "需要的同意，才能访问相册";
				INFOPLIST_KEY_UIApplicationSupportsIndirectInputEvents = YES;
				INFOPLIST_KEY_UILaunchStoryboardName = LaunchScreen;
				INFOPLIST_KEY_UISupportedInterfaceOrientations_iPad = "UIInterfaceOrientationPortrait UIInterfaceOrientationPortraitUpsideDown UIInterfaceOrientationLandscapeLeft UIInterfaceOrientationLandscapeRight";
				INFOPLIST_KEY_UISupportedInterfaceOrientations_iPhone = "UIInterfaceOrientationPortrait UIInterfaceOrientationLandscapeLeft UIInterfaceOrientationLandscapeRight";
				IPHONEOS_DEPLOYMENT_TARGET = 13.0;
				LD_RUNPATH_SEARCH_PATHS = (
					"$(inherited)",
					"@executable_path/Frameworks",
				);
				MARKETING_VERSION = 1.0;
				PRODUCT_BUNDLE_IDENTIFIER = com.viazijing.iossdkdemo;
				PRODUCT_NAME = "$(TARGET_NAME)";
				SWIFT_EMIT_LOC_STRINGS = YES;
				SWIFT_VERSION = 5.0;
				TARGETED_DEVICE_FAMILY = "1,2";
			};
			name = Debug;
		};
		04238F7B2DA8AFE1002889E4 /* Release */ = {
			isa = XCBuildConfiguration;
			baseConfigurationReference = 42AFDF51B8D885627952EFE0 /* Pods-iOSSDKDemo.release.xcconfig */;
			buildSettings = {
				ALWAYS_EMBED_SWIFT_STANDARD_LIBRARIES = YES;
				ASSETCATALOG_COMPILER_APPICON_NAME = AppIcon;
				ASSETCATALOG_COMPILER_GLOBAL_ACCENT_COLOR_NAME = AccentColor;
				CODE_SIGN_ENTITLEMENTS = iOSSDKDemo/iOSSDKDemo.entitlements;
				CODE_SIGN_STYLE = Automatic;
				CURRENT_PROJECT_VERSION = 1;
				DEVELOPMENT_TEAM = Z8SE9YCY23;
				ENABLE_USER_SCRIPT_SANDBOXING = NO;
				FRAMEWORK_SEARCH_PATHS = (
					"$(inherited)",
					"$(PROJECT_DIR)/Frameworks",
					"$(PROJECT_DIR)/Frameworks/Zip",
					"$(PROJECT_DIR)/Frameworks/SnapKit",
					"$(PROJECT_DIR)/TZImagePickerController",
					"$(PROJECT_DIR)/Frameworks/TZImagePickerController",
				);
				GENERATE_INFOPLIST_FILE = YES;
				INFOPLIST_FILE = iOSSDKDemo/Info.plist;
				INFOPLIST_KEY_NSBluetoothPeripheralUsageDescription = "需要您的同意，才能使用蓝牙";
				INFOPLIST_KEY_NSCameraUsageDescription = "本应用在进行视频通话时需要您授权使用本机的摄像头功能。";
				INFOPLIST_KEY_NSLocationUsageDescription = "需要您的同意，才能使用位置";
				INFOPLIST_KEY_NSMicrophoneUsageDescription = "本应用在进行音视频通话时需要您授权使用本机的麦克风功能。";
				INFOPLIST_KEY_NSPhotoLibraryUsageDescription = "需要的同意，才能访问相册";
				INFOPLIST_KEY_UIApplicationSupportsIndirectInputEvents = YES;
				INFOPLIST_KEY_UILaunchStoryboardName = LaunchScreen;
				INFOPLIST_KEY_UISupportedInterfaceOrientations_iPad = "UIInterfaceOrientationPortrait UIInterfaceOrientationPortraitUpsideDown UIInterfaceOrientationLandscapeLeft UIInterfaceOrientationLandscapeRight";
				INFOPLIST_KEY_UISupportedInterfaceOrientations_iPhone = "UIInterfaceOrientationPortrait UIInterfaceOrientationLandscapeLeft UIInterfaceOrientationLandscapeRight";
				IPHONEOS_DEPLOYMENT_TARGET = 13.0;
				LD_RUNPATH_SEARCH_PATHS = (
					"$(inherited)",
					"@executable_path/Frameworks",
				);
				MARKETING_VERSION = 1.0;
				PRODUCT_BUNDLE_IDENTIFIER = com.viazijing.iossdkdemo;
				PRODUCT_NAME = "$(TARGET_NAME)";
				SWIFT_EMIT_LOC_STRINGS = YES;
				SWIFT_VERSION = 5.0;
				TARGETED_DEVICE_FAMILY = "1,2";
			};
			name = Release;
		};
		0424230F2DAE39D000AD7E43 /* Debug */ = {
			isa = XCBuildConfiguration;
			baseConfigurationReference = DD6592EF4105559C86E726DE /* Pods-Presentation.debug.xcconfig */;
			buildSettings = {
				CODE_SIGN_ENTITLEMENTS = Presentation/Presentation.entitlements;
				CODE_SIGN_STYLE = Automatic;
				CURRENT_PROJECT_VERSION = 1;
				DEVELOPMENT_TEAM = Z8SE9YCY23;
				FRAMEWORK_SEARCH_PATHS = (
					"$(inherited)",
					"$(PROJECT_DIR)/Frameworks",
				);
				GENERATE_INFOPLIST_FILE = YES;
				INFOPLIST_FILE = Presentation/Info.plist;
				INFOPLIST_KEY_CFBundleDisplayName = iOSSDKDemo;
				INFOPLIST_KEY_NSHumanReadableCopyright = "";
				IPHONEOS_DEPLOYMENT_TARGET = 13.0;
				LD_RUNPATH_SEARCH_PATHS = (
					"$(inherited)",
					"@executable_path/Frameworks",
					"@executable_path/../../Frameworks",
				);
				MARKETING_VERSION = 1.0;
				PRODUCT_BUNDLE_IDENTIFIER = com.viazijing.iossdkdemo.presentation;
				PRODUCT_NAME = "$(TARGET_NAME)";
				SKIP_INSTALL = YES;
				SWIFT_EMIT_LOC_STRINGS = YES;
				SWIFT_VERSION = 5.0;
				TARGETED_DEVICE_FAMILY = "1,2";
			};
			name = Debug;
		};
		042423102DAE39D000AD7E43 /* Release */ = {
			isa = XCBuildConfiguration;
			baseConfigurationReference = 4647AF873B8000A2DF20E2CA /* Pods-Presentation.release.xcconfig */;
			buildSettings = {
				CODE_SIGN_ENTITLEMENTS = Presentation/Presentation.entitlements;
				CODE_SIGN_STYLE = Automatic;
				CURRENT_PROJECT_VERSION = 1;
				DEVELOPMENT_TEAM = Z8SE9YCY23;
				FRAMEWORK_SEARCH_PATHS = (
					"$(inherited)",
					"$(PROJECT_DIR)/Frameworks",
				);
				GENERATE_INFOPLIST_FILE = YES;
				INFOPLIST_FILE = Presentation/Info.plist;
				INFOPLIST_KEY_CFBundleDisplayName = iOSSDKDemo;
				INFOPLIST_KEY_NSHumanReadableCopyright = "";
				IPHONEOS_DEPLOYMENT_TARGET = 13.0;
				LD_RUNPATH_SEARCH_PATHS = (
					"$(inherited)",
					"@executable_path/Frameworks",
					"@executable_path/../../Frameworks",
				);
				MARKETING_VERSION = 1.0;
				PRODUCT_BUNDLE_IDENTIFIER = com.viazijing.iossdkdemo.presentation;
				PRODUCT_NAME = "$(TARGET_NAME)";
				SKIP_INSTALL = YES;
				SWIFT_EMIT_LOC_STRINGS = YES;
				SWIFT_VERSION = 5.0;
				TARGETED_DEVICE_FAMILY = "1,2";
			};
			name = Release;
		};
/* End XCBuildConfiguration section */

/* Begin XCConfigurationList section */
		04238F602DA8AFDF002889E4 /* Build configuration list for PBXProject "iOSSDKDemo" */ = {
			isa = XCConfigurationList;
			buildConfigurations = (
				04238F772DA8AFE1002889E4 /* Debug */,
				04238F782DA8AFE1002889E4 /* Release */,
			);
			defaultConfigurationIsVisible = 0;
			defaultConfigurationName = Release;
		};
		04238F792DA8AFE1002889E4 /* Build configuration list for PBXNativeTarget "iOSSDKDemo" */ = {
			isa = XCConfigurationList;
			buildConfigurations = (
				04238F7A2DA8AFE1002889E4 /* Debug */,
				04238F7B2DA8AFE1002889E4 /* Release */,
			);
			defaultConfigurationIsVisible = 0;
			defaultConfigurationName = Release;
		};
		0424230E2DAE39D000AD7E43 /* Build configuration list for PBXNativeTarget "Presentation" */ = {
			isa = XCConfigurationList;
			buildConfigurations = (
				0424230F2DAE39D000AD7E43 /* Debug */,
				042423102DAE39D000AD7E43 /* Release */,
			);
			defaultConfigurationIsVisible = 0;
			defaultConfigurationName = Release;
		};
/* End XCConfigurationList section */
	};
	rootObject = 04238F5D2DA8AFDF002889E4 /* Project object */;
}
