// !$*UTF8*$!
{
	archiveVersion = 1;
	classes = {
	};
	objectVersion = 56;
	objects = {

/* Begin PBXBuildFile section */
		04238F692DA8AFDF002889E4 /* AppDelegate.swift in Sources */ = {isa = PBXBuildFile; fileRef = 04238F682DA8AFDF002889E4 /* AppDelegate.swift */; };
		04238F6D2DA8AFDF002889E4 /* ViewController.swift in Sources */ = {isa = PBXBuildFile; fileRef = 04238F6C2DA8AFDF002889E4 /* ViewController.swift */; };
		04238F722DA8AFE1002889E4 /* Assets.xcassets in Resources */ = {isa = PBXBuildFile; fileRef = 04238F712DA8AFE1002889E4 /* Assets.xcassets */; };
		04238F902DA8BD2C002889E4 /* Zip.framework.dSYM in Resources */ = {isa = PBXBuildFile; fileRef = 04238F892DA8BD2C002889E4 /* Zip.framework.dSYM */; };
		04238F912DA8BDD3002889E4 /* common.framework in Frameworks */ = {isa = PBXBuildFile; fileRef = 04238F852DA8BD2C002889E4 /* common.framework */; };
		04238F922DA8BDD3002889E4 /* common.framework in Embed Frameworks */ = {isa = PBXBuildFile; fileRef = 04238F852DA8BD2C002889E4 /* common.framework */; settings = {ATTRIBUTES = (CodeSignOnCopy, RemoveHeadersOnCopy, ); }; };
		04238F932DA8BDD4002889E4 /* net.framework in Frameworks */ = {isa = PBXBuildFile; fileRef = 04238F862DA8BD2C002889E4 /* net.framework */; };
		04238F942DA8BDD4002889E4 /* net.framework in Embed Frameworks */ = {isa = PBXBuildFile; fileRef = 04238F862DA8BD2C002889E4 /* net.framework */; settings = {ATTRIBUTES = (CodeSignOnCopy, RemoveHeadersOnCopy, ); }; };
		04238F952DA8BDD5002889E4 /* rtc.framework in Frameworks */ = {isa = PBXBuildFile; fileRef = 04238F872DA8BD2C002889E4 /* rtc.framework */; };
		04238F962DA8BDD6002889E4 /* rtc.framework in Embed Frameworks */ = {isa = PBXBuildFile; fileRef = 04238F872DA8BD2C002889E4 /* rtc.framework */; settings = {ATTRIBUTES = (CodeSignOnCopy, RemoveHeadersOnCopy, ); }; };
		04238F972DA8BDD7002889E4 /* WebRTC.framework in Frameworks */ = {isa = PBXBuildFile; fileRef = 04238F842DA8BD2B002889E4 /* WebRTC.framework */; };
		04238F982DA8BDD7002889E4 /* WebRTC.framework in Embed Frameworks */ = {isa = PBXBuildFile; fileRef = 04238F842DA8BD2B002889E4 /* WebRTC.framework */; settings = {ATTRIBUTES = (CodeSignOnCopy, RemoveHeadersOnCopy, ); }; };
		04238F992DA8BDD8002889E4 /* Zip.framework in Frameworks */ = {isa = PBXBuildFile; fileRef = 04238F882DA8BD2C002889E4 /* Zip.framework */; };
		04238F9A2DA8BDD8002889E4 /* Zip.framework in Embed Frameworks */ = {isa = PBXBuildFile; fileRef = 04238F882DA8BD2C002889E4 /* Zip.framework */; settings = {ATTRIBUTES = (CodeSignOnCopy, RemoveHeadersOnCopy, ); }; };
/* End PBXBuildFile section */

/* Begin PBXCopyFilesBuildPhase section */
		04238F812DA8B528002889E4 /* Embed Frameworks */ = {
			isa = PBXCopyFilesBuildPhase;
			buildActionMask = 2147483647;
			dstPath = "";
			dstSubfolderSpec = 10;
			files = (
				04238F942DA8BDD4002889E4 /* net.framework in Embed Frameworks */,
				04238F922DA8BDD3002889E4 /* common.framework in Embed Frameworks */,
				04238F962DA8BDD6002889E4 /* rtc.framework in Embed Frameworks */,
				04238F982DA8BDD7002889E4 /* WebRTC.framework in Embed Frameworks */,
				04238F9A2DA8BDD8002889E4 /* Zip.framework in Embed Frameworks */,
			);
			name = "Embed Frameworks";
			runOnlyForDeploymentPostprocessing = 0;
		};
/* End PBXCopyFilesBuildPhase section */

/* Begin PBXFileReference section */
		04238F652DA8AFDF002889E4 /* iOSSDKDemo.app */ = {isa = PBXFileReference; explicitFileType = wrapper.application; includeInIndex = 0; path = iOSSDKDemo.app; sourceTree = BUILT_PRODUCTS_DIR; };
		04238F682DA8AFDF002889E4 /* AppDelegate.swift */ = {isa = PBXFileReference; lastKnownFileType = sourcecode.swift; path = AppDelegate.swift; sourceTree = "<group>"; };
		04238F6C2DA8AFDF002889E4 /* ViewController.swift */ = {isa = PBXFileReference; lastKnownFileType = sourcecode.swift; path = ViewController.swift; sourceTree = "<group>"; };
		04238F712DA8AFE1002889E4 /* Assets.xcassets */ = {isa = PBXFileReference; lastKnownFileType = folder.assetcatalog; path = Assets.xcassets; sourceTree = "<group>"; };
		04238F762DA8AFE1002889E4 /* Info.plist */ = {isa = PBXFileReference; lastKnownFileType = text.plist.xml; path = Info.plist; sourceTree = "<group>"; };
		04238F842DA8BD2B002889E4 /* WebRTC.framework */ = {isa = PBXFileReference; lastKnownFileType = wrapper.framework; path = WebRTC.framework; sourceTree = "<group>"; };
		04238F852DA8BD2C002889E4 /* common.framework */ = {isa = PBXFileReference; lastKnownFileType = wrapper.framework; path = common.framework; sourceTree = "<group>"; };
		04238F862DA8BD2C002889E4 /* net.framework */ = {isa = PBXFileReference; lastKnownFileType = wrapper.framework; path = net.framework; sourceTree = "<group>"; };
		04238F872DA8BD2C002889E4 /* rtc.framework */ = {isa = PBXFileReference; lastKnownFileType = wrapper.framework; path = rtc.framework; sourceTree = "<group>"; };
		04238F882DA8BD2C002889E4 /* Zip.framework */ = {isa = PBXFileReference; lastKnownFileType = wrapper.framework; path = Zip.framework; sourceTree = "<group>"; };
		04238F892DA8BD2C002889E4 /* Zip.framework.dSYM */ = {isa = PBXFileReference; lastKnownFileType = wrapper.dsym; path = Zip.framework.dSYM; sourceTree = "<group>"; };
/* End PBXFileReference section */

/* Begin PBXFrameworksBuildPhase section */
		04238F622DA8AFDF002889E4 /* Frameworks */ = {
			isa = PBXFrameworksBuildPhase;
			buildActionMask = 2147483647;
			files = (
				04238F912DA8BDD3002889E4 /* common.framework in Frameworks */,
				04238F932DA8BDD4002889E4 /* net.framework in Frameworks */,
				04238F952DA8BDD5002889E4 /* rtc.framework in Frameworks */,
				04238F972DA8BDD7002889E4 /* WebRTC.framework in Frameworks */,
				04238F992DA8BDD8002889E4 /* Zip.framework in Frameworks */,
			);
			runOnlyForDeploymentPostprocessing = 0;
		};
/* End PBXFrameworksBuildPhase section */

/* Begin PBXGroup section */
		04238F5C2DA8AFDF002889E4 = {
			isa = PBXGroup;
			children = (
				04238F672DA8AFDF002889E4 /* iOSSDKDemo */,
				04238F7C2DA8B4A6002889E4 /* Frameworks */,
				04238F662DA8AFDF002889E4 /* Products */,
			);
			sourceTree = "<group>";
		};
		04238F662DA8AFDF002889E4 /* Products */ = {
			isa = PBXGroup;
			children = (
				04238F652DA8AFDF002889E4 /* iOSSDKDemo.app */,
			);
			name = Products;
			sourceTree = "<group>";
		};
		04238F672DA8AFDF002889E4 /* iOSSDKDemo */ = {
			isa = PBXGroup;
			children = (
				04238F682DA8AFDF002889E4 /* AppDelegate.swift */,
				04238F6C2DA8AFDF002889E4 /* ViewController.swift */,
				04238F712DA8AFE1002889E4 /* Assets.xcassets */,
				04238F762DA8AFE1002889E4 /* Info.plist */,
			);
			path = iOSSDKDemo;
			sourceTree = "<group>";
		};
		04238F7C2DA8B4A6002889E4 /* Frameworks */ = {
			isa = PBXGroup;
			children = (
				04238F852DA8BD2C002889E4 /* common.framework */,
				04238F862DA8BD2C002889E4 /* net.framework */,
				04238F872DA8BD2C002889E4 /* rtc.framework */,
				04238F842DA8BD2B002889E4 /* WebRTC.framework */,
				04238F8A2DA8BD2C002889E4 /* Zip */,
			);
			path = Frameworks;
			sourceTree = "<group>";
		};
		04238F8A2DA8BD2C002889E4 /* Zip */ = {
			isa = PBXGroup;
			children = (
				04238F882DA8BD2C002889E4 /* Zip.framework */,
				04238F892DA8BD2C002889E4 /* Zip.framework.dSYM */,
			);
			path = Zip;
			sourceTree = "<group>";
		};
/* End PBXGroup section */

/* Begin PBXNativeTarget section */
		04238F642DA8AFDF002889E4 /* iOSSDKDemo */ = {
			isa = PBXNativeTarget;
			buildConfigurationList = 04238F792DA8AFE1002889E4 /* Build configuration list for PBXNativeTarget "iOSSDKDemo" */;
			buildPhases = (
				04238F612DA8AFDF002889E4 /* Sources */,
				04238F622DA8AFDF002889E4 /* Frameworks */,
				04238F632DA8AFDF002889E4 /* Resources */,
				04238F812DA8B528002889E4 /* Embed Frameworks */,
			);
			buildRules = (
			);
			dependencies = (
			);
			name = iOSSDKDemo;
			productName = iOSSDKDemo;
			productReference = 04238F652DA8AFDF002889E4 /* iOSSDKDemo.app */;
			productType = "com.apple.product-type.application";
		};
/* End PBXNativeTarget section */

/* Begin PBXProject section */
		04238F5D2DA8AFDF002889E4 /* Project object */ = {
			isa = PBXProject;
			attributes = {
				BuildIndependentTargetsInParallel = 1;
				LastSwiftUpdateCheck = 1530;
				LastUpgradeCheck = 1530;
				TargetAttributes = {
					04238F642DA8AFDF002889E4 = {
						CreatedOnToolsVersion = 15.3;
					};
				};
			};
			buildConfigurationList = 04238F602DA8AFDF002889E4 /* Build configuration list for PBXProject "iOSSDKDemo" */;
			compatibilityVersion = "Xcode 14.0";
			developmentRegion = en;
			hasScannedForEncodings = 0;
			knownRegions = (
				en,
				Base,
			);
			mainGroup = 04238F5C2DA8AFDF002889E4;
			productRefGroup = 04238F662DA8AFDF002889E4 /* Products */;
			projectDirPath = "";
			projectRoot = "";
			targets = (
				04238F642DA8AFDF002889E4 /* iOSSDKDemo */,
			);
		};
/* End PBXProject section */

/* Begin PBXResourcesBuildPhase section */
		04238F632DA8AFDF002889E4 /* Resources */ = {
			isa = PBXResourcesBuildPhase;
			buildActionMask = 2147483647;
			files = (
				04238F902DA8BD2C002889E4 /* Zip.framework.dSYM in Resources */,
				04238F722DA8AFE1002889E4 /* Assets.xcassets in Resources */,
			);
			runOnlyForDeploymentPostprocessing = 0;
		};
/* End PBXResourcesBuildPhase section */

/* Begin PBXSourcesBuildPhase section */
		04238F612DA8AFDF002889E4 /* Sources */ = {
			isa = PBXSourcesBuildPhase;
			buildActionMask = 2147483647;
			files = (
				04238F6D2DA8AFDF002889E4 /* ViewController.swift in Sources */,
				04238F692DA8AFDF002889E4 /* AppDelegate.swift in Sources */,
			);
			runOnlyForDeploymentPostprocessing = 0;
		};
/* End PBXSourcesBuildPhase section */

/* Begin XCBuildConfiguration section */
		04238F772DA8AFE1002889E4 /* Debug */ = {
			isa = XCBuildConfiguration;
			buildSettings = {
				ALWAYS_SEARCH_USER_PATHS = NO;
				ASSETCATALOG_COMPILER_GENERATE_SWIFT_ASSET_SYMBOL_EXTENSIONS = YES;
				CLANG_ANALYZER_NONNULL = YES;
				CLANG_ANALYZER_NUMBER_OBJECT_CONVERSION = YES_AGGRESSIVE;
				CLANG_CXX_LANGUAGE_STANDARD = "gnu++20";
				CLANG_ENABLE_MODULES = YES;
				CLANG_ENABLE_OBJC_ARC = YES;
				CLANG_ENABLE_OBJC_WEAK = YES;
				CLANG_WARN_BLOCK_CAPTURE_AUTORELEASING = YES;
				CLANG_WARN_BOOL_CONVERSION = YES;
				CLANG_WARN_COMMA = YES;
				CLANG_WARN_CONSTANT_CONVERSION = YES;
				CLANG_WARN_DEPRECATED_OBJC_IMPLEMENTATIONS = YES;
				CLANG_WARN_DIRECT_OBJC_ISA_USAGE = YES_ERROR;
				CLANG_WARN_DOCUMENTATION_COMMENTS = YES;
				CLANG_WARN_EMPTY_BODY = YES;
				CLANG_WARN_ENUM_CONVERSION = YES;
				CLANG_WARN_INFINITE_RECURSION = YES;
				CLANG_WARN_INT_CONVERSION = YES;
				CLANG_WARN_NON_LITERAL_NULL_CONVERSION = YES;
				CLANG_WARN_OBJC_IMPLICIT_RETAIN_SELF = YES;
				CLANG_WARN_OBJC_LITERAL_CONVERSION = YES;
				CLANG_WARN_OBJC_ROOT_CLASS = YES_ERROR;
				CLANG_WARN_QUOTED_INCLUDE_IN_FRAMEWORK_HEADER = YES;
				CLANG_WARN_RANGE_LOOP_ANALYSIS = YES;
				CLANG_WARN_STRICT_PROTOTYPES = YES;
				CLANG_WARN_SUSPICIOUS_MOVE = YES;
				CLANG_WARN_UNGUARDED_AVAILABILITY = YES_AGGRESSIVE;
				CLANG_WARN_UNREACHABLE_CODE = YES;
				CLANG_WARN__DUPLICATE_METHOD_MATCH = YES;
				COPY_PHASE_STRIP = NO;
				DEBUG_INFORMATION_FORMAT = dwarf;
				ENABLE_STRICT_OBJC_MSGSEND = YES;
				ENABLE_TESTABILITY = YES;
				ENABLE_USER_SCRIPT_SANDBOXING = YES;
				GCC_C_LANGUAGE_STANDARD = gnu17;
				GCC_DYNAMIC_NO_PIC = NO;
				GCC_NO_COMMON_BLOCKS = YES;
				GCC_OPTIMIZATION_LEVEL = 0;
				GCC_PREPROCESSOR_DEFINITIONS = (
					"DEBUG=1",
					"$(inherited)",
				);
				GCC_WARN_64_TO_32_BIT_CONVERSION = YES;
				GCC_WARN_ABOUT_RETURN_TYPE = YES_ERROR;
				GCC_WARN_UNDECLARED_SELECTOR = YES;
				GCC_WARN_UNINITIALIZED_AUTOS = YES_AGGRESSIVE;
				GCC_WARN_UNUSED_FUNCTION = YES;
				GCC_WARN_UNUSED_VARIABLE = YES;
				IPHONEOS_DEPLOYMENT_TARGET = 17.4;
				LOCALIZATION_PREFERS_STRING_CATALOGS = YES;
				MTL_ENABLE_DEBUG_INFO = INCLUDE_SOURCE;
				MTL_FAST_MATH = YES;
				ONLY_ACTIVE_ARCH = YES;
				SDKROOT = iphoneos;
				SWIFT_ACTIVE_COMPILATION_CONDITIONS = "DEBUG $(inherited)";
				SWIFT_OPTIMIZATION_LEVEL = "-Onone";
			};
			name = Debug;
		};
		04238F782DA8AFE1002889E4 /* Release */ = {
			isa = XCBuildConfiguration;
			buildSettings = {
				ALWAYS_SEARCH_USER_PATHS = NO;
				ASSETCATALOG_COMPILER_GENERATE_SWIFT_ASSET_SYMBOL_EXTENSIONS = YES;
				CLANG_ANALYZER_NONNULL = YES;
				CLANG_ANALYZER_NUMBER_OBJECT_CONVERSION = YES_AGGRESSIVE;
				CLANG_CXX_LANGUAGE_STANDARD = "gnu++20";
				CLANG_ENABLE_MODULES = YES;
				CLANG_ENABLE_OBJC_ARC = YES;
				CLANG_ENABLE_OBJC_WEAK = YES;
				CLANG_WARN_BLOCK_CAPTURE_AUTORELEASING = YES;
				CLANG_WARN_BOOL_CONVERSION = YES;
				CLANG_WARN_COMMA = YES;
				CLANG_WARN_CONSTANT_CONVERSION = YES;
				CLANG_WARN_DEPRECATED_OBJC_IMPLEMENTATIONS = YES;
				CLANG_WARN_DIRECT_OBJC_ISA_USAGE = YES_ERROR;
				CLANG_WARN_DOCUMENTATION_COMMENTS = YES;
				CLANG_WARN_EMPTY_BODY = YES;
				CLANG_WARN_ENUM_CONVERSION = YES;
				CLANG_WARN_INFINITE_RECURSION = YES;
				CLANG_WARN_INT_CONVERSION = YES;
				CLANG_WARN_NON_LITERAL_NULL_CONVERSION = YES;
				CLANG_WARN_OBJC_IMPLICIT_RETAIN_SELF = YES;
				CLANG_WARN_OBJC_LITERAL_CONVERSION = YES;
				CLANG_WARN_OBJC_ROOT_CLASS = YES_ERROR;
				CLANG_WARN_QUOTED_INCLUDE_IN_FRAMEWORK_HEADER = YES;
				CLANG_WARN_RANGE_LOOP_ANALYSIS = YES;
				CLANG_WARN_STRICT_PROTOTYPES = YES;
				CLANG_WARN_SUSPICIOUS_MOVE = YES;
				CLANG_WARN_UNGUARDED_AVAILABILITY = YES_AGGRESSIVE;
				CLANG_WARN_UNREACHABLE_CODE = YES;
				CLANG_WARN__DUPLICATE_METHOD_MATCH = YES;
				COPY_PHASE_STRIP = NO;
				DEBUG_INFORMATION_FORMAT = "dwarf-with-dsym";
				ENABLE_NS_ASSERTIONS = NO;
				ENABLE_STRICT_OBJC_MSGSEND = YES;
				ENABLE_USER_SCRIPT_SANDBOXING = YES;
				GCC_C_LANGUAGE_STANDARD = gnu17;
				GCC_NO_COMMON_BLOCKS = YES;
				GCC_WARN_64_TO_32_BIT_CONVERSION = YES;
				GCC_WARN_ABOUT_RETURN_TYPE = YES_ERROR;
				GCC_WARN_UNDECLARED_SELECTOR = YES;
				GCC_WARN_UNINITIALIZED_AUTOS = YES_AGGRESSIVE;
				GCC_WARN_UNUSED_FUNCTION = YES;
				GCC_WARN_UNUSED_VARIABLE = YES;
				IPHONEOS_DEPLOYMENT_TARGET = 17.4;
				LOCALIZATION_PREFERS_STRING_CATALOGS = YES;
				MTL_ENABLE_DEBUG_INFO = NO;
				MTL_FAST_MATH = YES;
				SDKROOT = iphoneos;
				SWIFT_COMPILATION_MODE = wholemodule;
				VALIDATE_PRODUCT = YES;
			};
			name = Release;
		};
		04238F7A2DA8AFE1002889E4 /* Debug */ = {
			isa = XCBuildConfiguration;
			buildSettings = {
				ASSETCATALOG_COMPILER_APPICON_NAME = AppIcon;
				ASSETCATALOG_COMPILER_GLOBAL_ACCENT_COLOR_NAME = AccentColor;
				CODE_SIGN_STYLE = Automatic;
				CURRENT_PROJECT_VERSION = 1;
				DEVELOPMENT_TEAM = Z8SE9YCY23;
				FRAMEWORK_SEARCH_PATHS = (
					"$(inherited)",
					"$(PROJECT_DIR)/Frameworks",
					"$(PROJECT_DIR)/Frameworks/Zip",
				);
				GENERATE_INFOPLIST_FILE = YES;
				INFOPLIST_FILE = iOSSDKDemo/Info.plist;
				INFOPLIST_KEY_UIApplicationSupportsIndirectInputEvents = YES;
				INFOPLIST_KEY_UILaunchStoryboardName = LaunchScreen;
				INFOPLIST_KEY_UISupportedInterfaceOrientations_iPad = "UIInterfaceOrientationPortrait UIInterfaceOrientationPortraitUpsideDown UIInterfaceOrientationLandscapeLeft UIInterfaceOrientationLandscapeRight";
				INFOPLIST_KEY_UISupportedInterfaceOrientations_iPhone = "UIInterfaceOrientationPortrait UIInterfaceOrientationLandscapeLeft UIInterfaceOrientationLandscapeRight";
				IPHONEOS_DEPLOYMENT_TARGET = 13.0;
				LD_RUNPATH_SEARCH_PATHS = (
					"$(inherited)",
					"@executable_path/Frameworks",
				);
				MARKETING_VERSION = 1.0;
				PRODUCT_BUNDLE_IDENTIFIER = com.viazijing.iossdkdemo.iOSSDKDemo;
				PRODUCT_NAME = "$(TARGET_NAME)";
				SWIFT_EMIT_LOC_STRINGS = YES;
				SWIFT_VERSION = 5.0;
				TARGETED_DEVICE_FAMILY = "1,2";
			};
			name = Debug;
		};
		04238F7B2DA8AFE1002889E4 /* Release */ = {
			isa = XCBuildConfiguration;
			buildSettings = {
				ASSETCATALOG_COMPILER_APPICON_NAME = AppIcon;
				ASSETCATALOG_COMPILER_GLOBAL_ACCENT_COLOR_NAME = AccentColor;
				CODE_SIGN_STYLE = Automatic;
				CURRENT_PROJECT_VERSION = 1;
				DEVELOPMENT_TEAM = Z8SE9YCY23;
				FRAMEWORK_SEARCH_PATHS = (
					"$(inherited)",
					"$(PROJECT_DIR)/Frameworks",
					"$(PROJECT_DIR)/Frameworks/Zip",
				);
				GENERATE_INFOPLIST_FILE = YES;
				INFOPLIST_FILE = iOSSDKDemo/Info.plist;
				INFOPLIST_KEY_UIApplicationSupportsIndirectInputEvents = YES;
				INFOPLIST_KEY_UILaunchStoryboardName = LaunchScreen;
				INFOPLIST_KEY_UISupportedInterfaceOrientations_iPad = "UIInterfaceOrientationPortrait UIInterfaceOrientationPortraitUpsideDown UIInterfaceOrientationLandscapeLeft UIInterfaceOrientationLandscapeRight";
				INFOPLIST_KEY_UISupportedInterfaceOrientations_iPhone = "UIInterfaceOrientationPortrait UIInterfaceOrientationLandscapeLeft UIInterfaceOrientationLandscapeRight";
				IPHONEOS_DEPLOYMENT_TARGET = 13.0;
				LD_RUNPATH_SEARCH_PATHS = (
					"$(inherited)",
					"@executable_path/Frameworks",
				);
				MARKETING_VERSION = 1.0;
				PRODUCT_BUNDLE_IDENTIFIER = com.viazijing.iossdkdemo.iOSSDKDemo;
				PRODUCT_NAME = "$(TARGET_NAME)";
				SWIFT_EMIT_LOC_STRINGS = YES;
				SWIFT_VERSION = 5.0;
				TARGETED_DEVICE_FAMILY = "1,2";
			};
			name = Release;
		};
/* End XCBuildConfiguration section */

/* Begin XCConfigurationList section */
		04238F602DA8AFDF002889E4 /* Build configuration list for PBXProject "iOSSDKDemo" */ = {
			isa = XCConfigurationList;
			buildConfigurations = (
				04238F772DA8AFE1002889E4 /* Debug */,
				04238F782DA8AFE1002889E4 /* Release */,
			);
			defaultConfigurationIsVisible = 0;
			defaultConfigurationName = Release;
		};
		04238F792DA8AFE1002889E4 /* Build configuration list for PBXNativeTarget "iOSSDKDemo" */ = {
			isa = XCConfigurationList;
			buildConfigurations = (
				04238F7A2DA8AFE1002889E4 /* Debug */,
				04238F7B2DA8AFE1002889E4 /* Release */,
			);
			defaultConfigurationIsVisible = 0;
			defaultConfigurationName = Release;
		};
/* End XCConfigurationList section */
	};
	rootObject = 04238F5D2DA8AFDF002889E4 /* Project object */;
}
